// !$*UTF8*$!
{
	archiveVersion = 1;
	classes = {
	};
	objectVersion = 56;
	objects = {

/* Begin PBXBuildFile section */
		FE0111772B62BE66008F52D4 /* single_stroke_roll.mid in Resources */ = {isa = PBXBuildFile; fileRef = FE0111762B62BE66008F52D4 /* single_stroke_roll.mid */; };
		FE01117C2B63DC9D008F52D4 /* OnsetDetectionHandler.swift in Sources */ = {isa = PBXBuildFile; fileRef = FE01117B2B63DC9D008F52D4 /* OnsetDetectionHandler.swift */; };
		FE01117E2B63E947008F52D4 /* PracticeViewModel.swift in Sources */ = {isa = PBXBuildFile; fileRef = FE01117D2B63E947008F52D4 /* PracticeViewModel.swift */; };
		FE1040602B6841E500A71AF9 /* MIDIComparisonHandler.swift in Sources */ = {isa = PBXBuildFile; fileRef = FE10405F2B6841E500A71AF9 /* MIDIComparisonHandler.swift */; };
		FE988B4B2B49F34200274CD9 /* FYPApp.swift in Sources */ = {isa = PBXBuildFile; fileRef = FE988B4A2B49F34200274CD9 /* FYPApp.swift */; };
		FE988B4D2B49F34200274CD9 /* MenuView.swift in Sources */ = {isa = PBXBuildFile; fileRef = FE988B4C2B49F34200274CD9 /* MenuView.swift */; };
		FE988B512B49F34400274CD9 /* Assets.xcassets in Resources */ = {isa = PBXBuildFile; fileRef = FE988B502B49F34400274CD9 /* Assets.xcassets */; };
		FE988B542B49F34400274CD9 /* Preview Assets.xcassets in Resources */ = {isa = PBXBuildFile; fileRef = FE988B532B49F34400274CD9 /* Preview Assets.xcassets */; };
		FE988B5E2B49F34400274CD9 /* FYPTests.swift in Sources */ = {isa = PBXBuildFile; fileRef = FE988B5D2B49F34400274CD9 /* FYPTests.swift */; };
		FE988B682B49F34400274CD9 /* FYPUITests.swift in Sources */ = {isa = PBXBuildFile; fileRef = FE988B672B49F34400274CD9 /* FYPUITests.swift */; };
		FE988B6A2B49F34400274CD9 /* FYPUITestsLaunchTests.swift in Sources */ = {isa = PBXBuildFile; fileRef = FE988B692B49F34400274CD9 /* FYPUITestsLaunchTests.swift */; };
		FE988B7D2B4B188C00274CD9 /* FYPWatchApp.swift in Sources */ = {isa = PBXBuildFile; fileRef = FE988B7C2B4B188C00274CD9 /* FYPWatchApp.swift */; };
		FE988B7F2B4B188C00274CD9 /* ContentView.swift in Sources */ = {isa = PBXBuildFile; fileRef = FE988B7E2B4B188C00274CD9 /* ContentView.swift */; };
		FE988B812B4B188E00274CD9 /* Assets.xcassets in Resources */ = {isa = PBXBuildFile; fileRef = FE988B802B4B188E00274CD9 /* Assets.xcassets */; };
		FE988B842B4B188E00274CD9 /* Preview Assets.xcassets in Resources */ = {isa = PBXBuildFile; fileRef = FE988B832B4B188E00274CD9 /* Preview Assets.xcassets */; };
		FE988B8E2B4B188F00274CD9 /* FYPWatch_Watch_AppTests.swift in Sources */ = {isa = PBXBuildFile; fileRef = FE988B8D2B4B188F00274CD9 /* FYPWatch_Watch_AppTests.swift */; };
		FE988B982B4B188F00274CD9 /* FYPWatch_Watch_AppUITests.swift in Sources */ = {isa = PBXBuildFile; fileRef = FE988B972B4B188F00274CD9 /* FYPWatch_Watch_AppUITests.swift */; };
		FE988B9A2B4B188F00274CD9 /* FYPWatch_Watch_AppUITestsLaunchTests.swift in Sources */ = {isa = PBXBuildFile; fileRef = FE988B992B4B188F00274CD9 /* FYPWatch_Watch_AppUITestsLaunchTests.swift */; };
		FE988B9D2B4B188F00274CD9 /* FYPWatch Watch App.app in Embed Watch Content */ = {isa = PBXBuildFile; fileRef = FE988B7A2B4B188C00274CD9 /* FYPWatch Watch App.app */; settings = {ATTRIBUTES = (RemoveHeadersOnCopy, ); }; };
		FE988BAA2B4B1FEE00274CD9 /* MotionHandler.swift in Sources */ = {isa = PBXBuildFile; fileRef = FE988BA92B4B1FEE00274CD9 /* MotionHandler.swift */; };
		FE988BAF2B4B224300274CD9 /* WatchConnectivityService.swift in Sources */ = {isa = PBXBuildFile; fileRef = FE988BAE2B4B224300274CD9 /* WatchConnectivityService.swift */; };
		FEB42BA62B52EC3300772CC7 /* PhoneConnectivityService.swift in Sources */ = {isa = PBXBuildFile; fileRef = FEB42BA52B52EC3300772CC7 /* PhoneConnectivityService.swift */; };
		FEB42BA92B52F7F400772CC7 /* AudioKit in Frameworks */ = {isa = PBXBuildFile; productRef = FEB42BA82B52F7F400772CC7 /* AudioKit */; };
		FEB42BAB2B52FA4400772CC7 /* AudioService.swift in Sources */ = {isa = PBXBuildFile; fileRef = FEB42BAA2B52FA4400772CC7 /* AudioService.swift */; };
		FEB42BB12B5840D900772CC7 /* Repository.swift in Sources */ = {isa = PBXBuildFile; fileRef = FEB42BB02B5840D900772CC7 /* Repository.swift */; };
		FEB42BB32B58457D00772CC7 /* rudiments.json in Resources */ = {isa = PBXBuildFile; fileRef = FEB42BB22B58457D00772CC7 /* rudiments.json */; };
		FEB42BB62B5846B400772CC7 /* Rudiment.swift in Sources */ = {isa = PBXBuildFile; fileRef = FEB42BB52B5846B400772CC7 /* Rudiment.swift */; };
		FEB42BB92B586A6700772CC7 /* PracticeView.swift in Sources */ = {isa = PBXBuildFile; fileRef = FEB42BB82B586A6700772CC7 /* PracticeView.swift */; };
/* End PBXBuildFile section */

/* Begin PBXContainerItemProxy section */
		FE988B5A2B49F34400274CD9 /* PBXContainerItemProxy */ = {
			isa = PBXContainerItemProxy;
			containerPortal = FE988B3F2B49F34200274CD9 /* Project object */;
			proxyType = 1;
			remoteGlobalIDString = FE988B462B49F34200274CD9;
			remoteInfo = FYP;
		};
		FE988B642B49F34400274CD9 /* PBXContainerItemProxy */ = {
			isa = PBXContainerItemProxy;
			containerPortal = FE988B3F2B49F34200274CD9 /* Project object */;
			proxyType = 1;
			remoteGlobalIDString = FE988B462B49F34200274CD9;
			remoteInfo = FYP;
		};
		FE988B8A2B4B188F00274CD9 /* PBXContainerItemProxy */ = {
			isa = PBXContainerItemProxy;
			containerPortal = FE988B3F2B49F34200274CD9 /* Project object */;
			proxyType = 1;
			remoteGlobalIDString = FE988B792B4B188C00274CD9;
			remoteInfo = "FYPWatch Watch App";
		};
		FE988B942B4B188F00274CD9 /* PBXContainerItemProxy */ = {
			isa = PBXContainerItemProxy;
			containerPortal = FE988B3F2B49F34200274CD9 /* Project object */;
			proxyType = 1;
			remoteGlobalIDString = FE988B792B4B188C00274CD9;
			remoteInfo = "FYPWatch Watch App";
		};
		FE988B9B2B4B188F00274CD9 /* PBXContainerItemProxy */ = {
			isa = PBXContainerItemProxy;
			containerPortal = FE988B3F2B49F34200274CD9 /* Project object */;
			proxyType = 1;
			remoteGlobalIDString = FE988B792B4B188C00274CD9;
			remoteInfo = "FYPWatch Watch App";
		};
/* End PBXContainerItemProxy section */

/* Begin PBXCopyFilesBuildPhase section */
		FE988B9E2B4B188F00274CD9 /* Embed Watch Content */ = {
			isa = PBXCopyFilesBuildPhase;
			buildActionMask = 2147483647;
			dstPath = "$(CONTENTS_FOLDER_PATH)/Watch";
			dstSubfolderSpec = 16;
			files = (
				FE988B9D2B4B188F00274CD9 /* FYPWatch Watch App.app in Embed Watch Content */,
			);
			name = "Embed Watch Content";
			runOnlyForDeploymentPostprocessing = 0;
		};
/* End PBXCopyFilesBuildPhase section */

/* Begin PBXFileReference section */
		FE0111762B62BE66008F52D4 /* single_stroke_roll.mid */ = {isa = PBXFileReference; lastKnownFileType = audio.midi; path = single_stroke_roll.mid; sourceTree = "<group>"; };
		FE01117B2B63DC9D008F52D4 /* OnsetDetectionHandler.swift */ = {isa = PBXFileReference; lastKnownFileType = sourcecode.swift; path = OnsetDetectionHandler.swift; sourceTree = "<group>"; };
		FE01117D2B63E947008F52D4 /* PracticeViewModel.swift */ = {isa = PBXFileReference; lastKnownFileType = sourcecode.swift; path = PracticeViewModel.swift; sourceTree = "<group>"; };
		FE10405F2B6841E500A71AF9 /* MIDIComparisonHandler.swift */ = {isa = PBXFileReference; lastKnownFileType = sourcecode.swift; path = MIDIComparisonHandler.swift; sourceTree = "<group>"; };
		FE988B472B49F34200274CD9 /* FYP.app */ = {isa = PBXFileReference; explicitFileType = wrapper.application; includeInIndex = 0; path = FYP.app; sourceTree = BUILT_PRODUCTS_DIR; };
		FE988B4A2B49F34200274CD9 /* FYPApp.swift */ = {isa = PBXFileReference; lastKnownFileType = sourcecode.swift; path = FYPApp.swift; sourceTree = "<group>"; };
		FE988B4C2B49F34200274CD9 /* MenuView.swift */ = {isa = PBXFileReference; lastKnownFileType = sourcecode.swift; path = MenuView.swift; sourceTree = "<group>"; };
		FE988B502B49F34400274CD9 /* Assets.xcassets */ = {isa = PBXFileReference; lastKnownFileType = folder.assetcatalog; path = Assets.xcassets; sourceTree = "<group>"; };
		FE988B532B49F34400274CD9 /* Preview Assets.xcassets */ = {isa = PBXFileReference; lastKnownFileType = folder.assetcatalog; path = "Preview Assets.xcassets"; sourceTree = "<group>"; };
		FE988B592B49F34400274CD9 /* FYPTests.xctest */ = {isa = PBXFileReference; explicitFileType = wrapper.cfbundle; includeInIndex = 0; path = FYPTests.xctest; sourceTree = BUILT_PRODUCTS_DIR; };
		FE988B5D2B49F34400274CD9 /* FYPTests.swift */ = {isa = PBXFileReference; lastKnownFileType = sourcecode.swift; path = FYPTests.swift; sourceTree = "<group>"; };
		FE988B632B49F34400274CD9 /* FYPUITests.xctest */ = {isa = PBXFileReference; explicitFileType = wrapper.cfbundle; includeInIndex = 0; path = FYPUITests.xctest; sourceTree = BUILT_PRODUCTS_DIR; };
		FE988B672B49F34400274CD9 /* FYPUITests.swift */ = {isa = PBXFileReference; lastKnownFileType = sourcecode.swift; path = FYPUITests.swift; sourceTree = "<group>"; };
		FE988B692B49F34400274CD9 /* FYPUITestsLaunchTests.swift */ = {isa = PBXFileReference; lastKnownFileType = sourcecode.swift; path = FYPUITestsLaunchTests.swift; sourceTree = "<group>"; };
		FE988B7A2B4B188C00274CD9 /* FYPWatch Watch App.app */ = {isa = PBXFileReference; explicitFileType = wrapper.application; includeInIndex = 0; path = "FYPWatch Watch App.app"; sourceTree = BUILT_PRODUCTS_DIR; };
		FE988B7C2B4B188C00274CD9 /* FYPWatchApp.swift */ = {isa = PBXFileReference; lastKnownFileType = sourcecode.swift; path = FYPWatchApp.swift; sourceTree = "<group>"; };
		FE988B7E2B4B188C00274CD9 /* ContentView.swift */ = {isa = PBXFileReference; lastKnownFileType = sourcecode.swift; path = ContentView.swift; sourceTree = "<group>"; };
		FE988B802B4B188E00274CD9 /* Assets.xcassets */ = {isa = PBXFileReference; lastKnownFileType = folder.assetcatalog; path = Assets.xcassets; sourceTree = "<group>"; };
		FE988B832B4B188E00274CD9 /* Preview Assets.xcassets */ = {isa = PBXFileReference; lastKnownFileType = folder.assetcatalog; path = "Preview Assets.xcassets"; sourceTree = "<group>"; };
		FE988B892B4B188F00274CD9 /* FYPWatch Watch AppTests.xctest */ = {isa = PBXFileReference; explicitFileType = wrapper.cfbundle; includeInIndex = 0; path = "FYPWatch Watch AppTests.xctest"; sourceTree = BUILT_PRODUCTS_DIR; };
		FE988B8D2B4B188F00274CD9 /* FYPWatch_Watch_AppTests.swift */ = {isa = PBXFileReference; lastKnownFileType = sourcecode.swift; path = FYPWatch_Watch_AppTests.swift; sourceTree = "<group>"; };
		FE988B932B4B188F00274CD9 /* FYPWatch Watch AppUITests.xctest */ = {isa = PBXFileReference; explicitFileType = wrapper.cfbundle; includeInIndex = 0; path = "FYPWatch Watch AppUITests.xctest"; sourceTree = BUILT_PRODUCTS_DIR; };
		FE988B972B4B188F00274CD9 /* FYPWatch_Watch_AppUITests.swift */ = {isa = PBXFileReference; lastKnownFileType = sourcecode.swift; path = FYPWatch_Watch_AppUITests.swift; sourceTree = "<group>"; };
		FE988B992B4B188F00274CD9 /* FYPWatch_Watch_AppUITestsLaunchTests.swift */ = {isa = PBXFileReference; lastKnownFileType = sourcecode.swift; path = FYPWatch_Watch_AppUITestsLaunchTests.swift; sourceTree = "<group>"; };
		FE988BA92B4B1FEE00274CD9 /* MotionHandler.swift */ = {isa = PBXFileReference; lastKnownFileType = sourcecode.swift; path = MotionHandler.swift; sourceTree = "<group>"; };
		FE988BAE2B4B224300274CD9 /* WatchConnectivityService.swift */ = {isa = PBXFileReference; lastKnownFileType = sourcecode.swift; path = WatchConnectivityService.swift; sourceTree = "<group>"; };
		FEB42BA52B52EC3300772CC7 /* PhoneConnectivityService.swift */ = {isa = PBXFileReference; lastKnownFileType = sourcecode.swift; path = PhoneConnectivityService.swift; sourceTree = "<group>"; };
		FEB42BAA2B52FA4400772CC7 /* AudioService.swift */ = {isa = PBXFileReference; lastKnownFileType = sourcecode.swift; path = AudioService.swift; sourceTree = "<group>"; };
		FEB42BAF2B56D4E100772CC7 /* Info.plist */ = {isa = PBXFileReference; lastKnownFileType = text.plist; path = Info.plist; sourceTree = "<group>"; };
		FEB42BB02B5840D900772CC7 /* Repository.swift */ = {isa = PBXFileReference; lastKnownFileType = sourcecode.swift; path = Repository.swift; sourceTree = "<group>"; };
		FEB42BB22B58457D00772CC7 /* rudiments.json */ = {isa = PBXFileReference; lastKnownFileType = text.json; path = rudiments.json; sourceTree = "<group>"; };
		FEB42BB52B5846B400772CC7 /* Rudiment.swift */ = {isa = PBXFileReference; lastKnownFileType = sourcecode.swift; path = Rudiment.swift; sourceTree = "<group>"; };
		FEB42BB82B586A6700772CC7 /* PracticeView.swift */ = {isa = PBXFileReference; lastKnownFileType = sourcecode.swift; path = PracticeView.swift; sourceTree = "<group>"; };
/* End PBXFileReference section */

/* Begin PBXFrameworksBuildPhase section */
		FE988B442B49F34200274CD9 /* Frameworks */ = {
			isa = PBXFrameworksBuildPhase;
			buildActionMask = 2147483647;
			files = (
				FEB42BA92B52F7F400772CC7 /* AudioKit in Frameworks */,
			);
			runOnlyForDeploymentPostprocessing = 0;
		};
		FE988B562B49F34400274CD9 /* Frameworks */ = {
			isa = PBXFrameworksBuildPhase;
			buildActionMask = 2147483647;
			files = (
			);
			runOnlyForDeploymentPostprocessing = 0;
		};
		FE988B602B49F34400274CD9 /* Frameworks */ = {
			isa = PBXFrameworksBuildPhase;
			buildActionMask = 2147483647;
			files = (
			);
			runOnlyForDeploymentPostprocessing = 0;
		};
		FE988B772B4B188C00274CD9 /* Frameworks */ = {
			isa = PBXFrameworksBuildPhase;
			buildActionMask = 2147483647;
			files = (
			);
			runOnlyForDeploymentPostprocessing = 0;
		};
		FE988B862B4B188F00274CD9 /* Frameworks */ = {
			isa = PBXFrameworksBuildPhase;
			buildActionMask = 2147483647;
			files = (
			);
			runOnlyForDeploymentPostprocessing = 0;
		};
		FE988B902B4B188F00274CD9 /* Frameworks */ = {
			isa = PBXFrameworksBuildPhase;
			buildActionMask = 2147483647;
			files = (
			);
			runOnlyForDeploymentPostprocessing = 0;
		};
/* End PBXFrameworksBuildPhase section */

/* Begin PBXGroup section */
		FE0111782B63DC3D008F52D4 /* ViewModel */ = {
			isa = PBXGroup;
			children = (
				FE01117D2B63E947008F52D4 /* PracticeViewModel.swift */,
			);
			path = ViewModel;
			sourceTree = "<group>";
		};
		FE0111792B63DC7C008F52D4 /* Handlers */ = {
			isa = PBXGroup;
			children = (
				FE01117B2B63DC9D008F52D4 /* OnsetDetectionHandler.swift */,
				FE10405F2B6841E500A71AF9 /* MIDIComparisonHandler.swift */,
			);
			path = Handlers;
			sourceTree = "<group>";
		};
		FE988B3E2B49F34200274CD9 = {
			isa = PBXGroup;
			children = (
				FE988B492B49F34200274CD9 /* FYP */,
				FE988B7B2B4B188C00274CD9 /* FYPWatch Watch App */,
				FE988BA82B4B18BF00274CD9 /* Tests */,
				FE988B482B49F34200274CD9 /* Products */,
			);
			sourceTree = "<group>";
		};
		FE988B482B49F34200274CD9 /* Products */ = {
			isa = PBXGroup;
			children = (
				FE988B472B49F34200274CD9 /* FYP.app */,
				FE988B592B49F34400274CD9 /* FYPTests.xctest */,
				FE988B632B49F34400274CD9 /* FYPUITests.xctest */,
				FE988B7A2B4B188C00274CD9 /* FYPWatch Watch App.app */,
				FE988B892B4B188F00274CD9 /* FYPWatch Watch AppTests.xctest */,
				FE988B932B4B188F00274CD9 /* FYPWatch Watch AppUITests.xctest */,
			);
			name = Products;
			sourceTree = "<group>";
		};
		FE988B492B49F34200274CD9 /* FYP */ = {
			isa = PBXGroup;
			children = (
				FE988B4A2B49F34200274CD9 /* FYPApp.swift */,
				FEB42BB02B5840D900772CC7 /* Repository.swift */,
				FEB42BB42B58469B00772CC7 /* Model */,
				FEB42BB72B58640700772CC7 /* View */,
				FE0111782B63DC3D008F52D4 /* ViewModel */,
				FE0111792B63DC7C008F52D4 /* Handlers */,
				FEB42BA42B52EBDE00772CC7 /* Service */,
				FEB42BAC2B56AE1100772CC7 /* Data */,
				FE988B522B49F34400274CD9 /* Preview Content */,
				FEB42BAF2B56D4E100772CC7 /* Info.plist */,
				FE988B502B49F34400274CD9 /* Assets.xcassets */,
			);
			path = FYP;
			sourceTree = "<group>";
		};
		FE988B522B49F34400274CD9 /* Preview Content */ = {
			isa = PBXGroup;
			children = (
				FE988B532B49F34400274CD9 /* Preview Assets.xcassets */,
			);
			path = "Preview Content";
			sourceTree = "<group>";
		};
		FE988B5C2B49F34400274CD9 /* FYPTests */ = {
			isa = PBXGroup;
			children = (
				FE988B5D2B49F34400274CD9 /* FYPTests.swift */,
			);
			path = FYPTests;
			sourceTree = "<group>";
		};
		FE988B662B49F34400274CD9 /* FYPUITests */ = {
			isa = PBXGroup;
			children = (
				FE988B672B49F34400274CD9 /* FYPUITests.swift */,
				FE988B692B49F34400274CD9 /* FYPUITestsLaunchTests.swift */,
			);
			path = FYPUITests;
			sourceTree = "<group>";
		};
		FE988B7B2B4B188C00274CD9 /* FYPWatch Watch App */ = {
			isa = PBXGroup;
			children = (
				FE988B7C2B4B188C00274CD9 /* FYPWatchApp.swift */,
				FE988BA92B4B1FEE00274CD9 /* MotionHandler.swift */,
				FE988BAD2B4B220000274CD9 /* Service */,
				FE988BAB2B4B200000274CD9 /* View */,
				FE988B802B4B188E00274CD9 /* Assets.xcassets */,
				FE988B822B4B188E00274CD9 /* Preview Content */,
			);
			path = "FYPWatch Watch App";
			sourceTree = "<group>";
		};
		FE988B822B4B188E00274CD9 /* Preview Content */ = {
			isa = PBXGroup;
			children = (
				FE988B832B4B188E00274CD9 /* Preview Assets.xcassets */,
			);
			path = "Preview Content";
			sourceTree = "<group>";
		};
		FE988B8C2B4B188F00274CD9 /* FYPWatch Watch AppTests */ = {
			isa = PBXGroup;
			children = (
				FE988B8D2B4B188F00274CD9 /* FYPWatch_Watch_AppTests.swift */,
			);
			path = "FYPWatch Watch AppTests";
			sourceTree = "<group>";
		};
		FE988B962B4B188F00274CD9 /* FYPWatch Watch AppUITests */ = {
			isa = PBXGroup;
			children = (
				FE988B972B4B188F00274CD9 /* FYPWatch_Watch_AppUITests.swift */,
				FE988B992B4B188F00274CD9 /* FYPWatch_Watch_AppUITestsLaunchTests.swift */,
			);
			path = "FYPWatch Watch AppUITests";
			sourceTree = "<group>";
		};
		FE988BA82B4B18BF00274CD9 /* Tests */ = {
			isa = PBXGroup;
			children = (
				FE988B5C2B49F34400274CD9 /* FYPTests */,
				FE988B662B49F34400274CD9 /* FYPUITests */,
				FE988B8C2B4B188F00274CD9 /* FYPWatch Watch AppTests */,
				FE988B962B4B188F00274CD9 /* FYPWatch Watch AppUITests */,
			);
			path = Tests;
			sourceTree = "<group>";
		};
		FE988BAB2B4B200000274CD9 /* View */ = {
			isa = PBXGroup;
			children = (
				FE988B7E2B4B188C00274CD9 /* ContentView.swift */,
			);
			path = View;
			sourceTree = "<group>";
		};
		FE988BAD2B4B220000274CD9 /* Service */ = {
			isa = PBXGroup;
			children = (
				FE988BAE2B4B224300274CD9 /* WatchConnectivityService.swift */,
			);
			path = Service;
			sourceTree = "<group>";
		};
		FEB42BA42B52EBDE00772CC7 /* Service */ = {
			isa = PBXGroup;
			children = (
				FEB42BA52B52EC3300772CC7 /* PhoneConnectivityService.swift */,
				FEB42BAA2B52FA4400772CC7 /* AudioService.swift */,
			);
			path = Service;
			sourceTree = "<group>";
		};
		FEB42BAC2B56AE1100772CC7 /* Data */ = {
			isa = PBXGroup;
			children = (
				FE0111762B62BE66008F52D4 /* single_stroke_roll.mid */,
				FEB42BB22B58457D00772CC7 /* rudiments.json */,
			);
			path = Data;
			sourceTree = "<group>";
		};
		FEB42BB42B58469B00772CC7 /* Model */ = {
			isa = PBXGroup;
			children = (
				FEB42BB52B5846B400772CC7 /* Rudiment.swift */,
			);
			path = Model;
			sourceTree = "<group>";
		};
		FEB42BB72B58640700772CC7 /* View */ = {
			isa = PBXGroup;
			children = (
				FE988B4C2B49F34200274CD9 /* MenuView.swift */,
				FEB42BB82B586A6700772CC7 /* PracticeView.swift */,
			);
			path = View;
			sourceTree = "<group>";
		};
/* End PBXGroup section */

/* Begin PBXNativeTarget section */
		FE988B462B49F34200274CD9 /* FYP */ = {
			isa = PBXNativeTarget;
			buildConfigurationList = FE988B6D2B49F34400274CD9 /* Build configuration list for PBXNativeTarget "FYP" */;
			buildPhases = (
				FE988B432B49F34200274CD9 /* Sources */,
				FE988B442B49F34200274CD9 /* Frameworks */,
				FE988B452B49F34200274CD9 /* Resources */,
				FE988B9E2B4B188F00274CD9 /* Embed Watch Content */,
			);
			buildRules = (
			);
			dependencies = (
				FE988B9C2B4B188F00274CD9 /* PBXTargetDependency */,
			);
			name = FYP;
			packageProductDependencies = (
				FEB42BA82B52F7F400772CC7 /* AudioKit */,
			);
			productName = FYP;
			productReference = FE988B472B49F34200274CD9 /* FYP.app */;
			productType = "com.apple.product-type.application";
		};
		FE988B582B49F34400274CD9 /* FYPTests */ = {
			isa = PBXNativeTarget;
			buildConfigurationList = FE988B702B49F34400274CD9 /* Build configuration list for PBXNativeTarget "FYPTests" */;
			buildPhases = (
				FE988B552B49F34400274CD9 /* Sources */,
				FE988B562B49F34400274CD9 /* Frameworks */,
				FE988B572B49F34400274CD9 /* Resources */,
			);
			buildRules = (
			);
			dependencies = (
				FE988B5B2B49F34400274CD9 /* PBXTargetDependency */,
			);
			name = FYPTests;
			productName = FYPTests;
			productReference = FE988B592B49F34400274CD9 /* FYPTests.xctest */;
			productType = "com.apple.product-type.bundle.unit-test";
		};
		FE988B622B49F34400274CD9 /* FYPUITests */ = {
			isa = PBXNativeTarget;
			buildConfigurationList = FE988B732B49F34400274CD9 /* Build configuration list for PBXNativeTarget "FYPUITests" */;
			buildPhases = (
				FE988B5F2B49F34400274CD9 /* Sources */,
				FE988B602B49F34400274CD9 /* Frameworks */,
				FE988B612B49F34400274CD9 /* Resources */,
			);
			buildRules = (
			);
			dependencies = (
				FE988B652B49F34400274CD9 /* PBXTargetDependency */,
			);
			name = FYPUITests;
			productName = FYPUITests;
			productReference = FE988B632B49F34400274CD9 /* FYPUITests.xctest */;
			productType = "com.apple.product-type.bundle.ui-testing";
		};
		FE988B792B4B188C00274CD9 /* FYPWatch Watch App */ = {
			isa = PBXNativeTarget;
			buildConfigurationList = FE988BA52B4B188F00274CD9 /* Build configuration list for PBXNativeTarget "FYPWatch Watch App" */;
			buildPhases = (
				FE988B762B4B188C00274CD9 /* Sources */,
				FE988B772B4B188C00274CD9 /* Frameworks */,
				FE988B782B4B188C00274CD9 /* Resources */,
			);
			buildRules = (
			);
			dependencies = (
			);
			name = "FYPWatch Watch App";
			productName = "FYPWatch Watch App";
			productReference = FE988B7A2B4B188C00274CD9 /* FYPWatch Watch App.app */;
			productType = "com.apple.product-type.application";
		};
		FE988B882B4B188F00274CD9 /* FYPWatch Watch AppTests */ = {
			isa = PBXNativeTarget;
			buildConfigurationList = FE988BA62B4B188F00274CD9 /* Build configuration list for PBXNativeTarget "FYPWatch Watch AppTests" */;
			buildPhases = (
				FE988B852B4B188F00274CD9 /* Sources */,
				FE988B862B4B188F00274CD9 /* Frameworks */,
				FE988B872B4B188F00274CD9 /* Resources */,
			);
			buildRules = (
			);
			dependencies = (
				FE988B8B2B4B188F00274CD9 /* PBXTargetDependency */,
			);
			name = "FYPWatch Watch AppTests";
			productName = "FYPWatch Watch AppTests";
			productReference = FE988B892B4B188F00274CD9 /* FYPWatch Watch AppTests.xctest */;
			productType = "com.apple.product-type.bundle.unit-test";
		};
		FE988B922B4B188F00274CD9 /* FYPWatch Watch AppUITests */ = {
			isa = PBXNativeTarget;
			buildConfigurationList = FE988BA72B4B188F00274CD9 /* Build configuration list for PBXNativeTarget "FYPWatch Watch AppUITests" */;
			buildPhases = (
				FE988B8F2B4B188F00274CD9 /* Sources */,
				FE988B902B4B188F00274CD9 /* Frameworks */,
				FE988B912B4B188F00274CD9 /* Resources */,
			);
			buildRules = (
			);
			dependencies = (
				FE988B952B4B188F00274CD9 /* PBXTargetDependency */,
			);
			name = "FYPWatch Watch AppUITests";
			productName = "FYPWatch Watch AppUITests";
			productReference = FE988B932B4B188F00274CD9 /* FYPWatch Watch AppUITests.xctest */;
			productType = "com.apple.product-type.bundle.ui-testing";
		};
/* End PBXNativeTarget section */

/* Begin PBXProject section */
		FE988B3F2B49F34200274CD9 /* Project object */ = {
			isa = PBXProject;
			attributes = {
				BuildIndependentTargetsInParallel = 1;
				LastSwiftUpdateCheck = 1510;
				LastUpgradeCheck = 1510;
				TargetAttributes = {
					FE988B462B49F34200274CD9 = {
						CreatedOnToolsVersion = 15.1;
					};
					FE988B582B49F34400274CD9 = {
						CreatedOnToolsVersion = 15.1;
						TestTargetID = FE988B462B49F34200274CD9;
					};
					FE988B622B49F34400274CD9 = {
						CreatedOnToolsVersion = 15.1;
						TestTargetID = FE988B462B49F34200274CD9;
					};
					FE988B792B4B188C00274CD9 = {
						CreatedOnToolsVersion = 15.1;
					};
					FE988B882B4B188F00274CD9 = {
						CreatedOnToolsVersion = 15.1;
						TestTargetID = FE988B792B4B188C00274CD9;
					};
					FE988B922B4B188F00274CD9 = {
						CreatedOnToolsVersion = 15.1;
						TestTargetID = FE988B792B4B188C00274CD9;
					};
				};
			};
			buildConfigurationList = FE988B422B49F34200274CD9 /* Build configuration list for PBXProject "FYP" */;
			compatibilityVersion = "Xcode 14.0";
			developmentRegion = en;
			hasScannedForEncodings = 0;
			knownRegions = (
				en,
				Base,
			);
			mainGroup = FE988B3E2B49F34200274CD9;
			packageReferences = (
				FEB42BA72B52F7F400772CC7 /* XCRemoteSwiftPackageReference "AudioKit" */,
			);
			productRefGroup = FE988B482B49F34200274CD9 /* Products */;
			projectDirPath = "";
			projectRoot = "";
			targets = (
				FE988B462B49F34200274CD9 /* FYP */,
				FE988B582B49F34400274CD9 /* FYPTests */,
				FE988B622B49F34400274CD9 /* FYPUITests */,
				FE988B792B4B188C00274CD9 /* FYPWatch Watch App */,
				FE988B882B4B188F00274CD9 /* FYPWatch Watch AppTests */,
				FE988B922B4B188F00274CD9 /* FYPWatch Watch AppUITests */,
			);
		};
/* End PBXProject section */

/* Begin PBXResourcesBuildPhase section */
		FE988B452B49F34200274CD9 /* Resources */ = {
			isa = PBXResourcesBuildPhase;
			buildActionMask = 2147483647;
			files = (
				FE988B542B49F34400274CD9 /* Preview Assets.xcassets in Resources */,
				FEB42BB32B58457D00772CC7 /* rudiments.json in Resources */,
				FE988B512B49F34400274CD9 /* Assets.xcassets in Resources */,
				FE0111772B62BE66008F52D4 /* single_stroke_roll.mid in Resources */,
			);
			runOnlyForDeploymentPostprocessing = 0;
		};
		FE988B572B49F34400274CD9 /* Resources */ = {
			isa = PBXResourcesBuildPhase;
			buildActionMask = 2147483647;
			files = (
			);
			runOnlyForDeploymentPostprocessing = 0;
		};
		FE988B612B49F34400274CD9 /* Resources */ = {
			isa = PBXResourcesBuildPhase;
			buildActionMask = 2147483647;
			files = (
			);
			runOnlyForDeploymentPostprocessing = 0;
		};
		FE988B782B4B188C00274CD9 /* Resources */ = {
			isa = PBXResourcesBuildPhase;
			buildActionMask = 2147483647;
			files = (
				FE988B842B4B188E00274CD9 /* Preview Assets.xcassets in Resources */,
				FE988B812B4B188E00274CD9 /* Assets.xcassets in Resources */,
			);
			runOnlyForDeploymentPostprocessing = 0;
		};
		FE988B872B4B188F00274CD9 /* Resources */ = {
			isa = PBXResourcesBuildPhase;
			buildActionMask = 2147483647;
			files = (
			);
			runOnlyForDeploymentPostprocessing = 0;
		};
		FE988B912B4B188F00274CD9 /* Resources */ = {
			isa = PBXResourcesBuildPhase;
			buildActionMask = 2147483647;
			files = (
			);
			runOnlyForDeploymentPostprocessing = 0;
		};
/* End PBXResourcesBuildPhase section */

/* Begin PBXSourcesBuildPhase section */
		FE988B432B49F34200274CD9 /* Sources */ = {
			isa = PBXSourcesBuildPhase;
			buildActionMask = 2147483647;
			files = (
				FEB42BAB2B52FA4400772CC7 /* AudioService.swift in Sources */,
				FE988B4D2B49F34200274CD9 /* MenuView.swift in Sources */,
				FEB42BB12B5840D900772CC7 /* Repository.swift in Sources */,
				FEB42BB62B5846B400772CC7 /* Rudiment.swift in Sources */,
				FE01117E2B63E947008F52D4 /* PracticeViewModel.swift in Sources */,
				FE01117C2B63DC9D008F52D4 /* OnsetDetectionHandler.swift in Sources */,
				FEB42BB92B586A6700772CC7 /* PracticeView.swift in Sources */,
				FE988B4B2B49F34200274CD9 /* FYPApp.swift in Sources */,
				FE1040602B6841E500A71AF9 /* MIDIComparisonHandler.swift in Sources */,
				FEB42BA62B52EC3300772CC7 /* PhoneConnectivityService.swift in Sources */,
			);
			runOnlyForDeploymentPostprocessing = 0;
		};
		FE988B552B49F34400274CD9 /* Sources */ = {
			isa = PBXSourcesBuildPhase;
			buildActionMask = 2147483647;
			files = (
				FE988B5E2B49F34400274CD9 /* FYPTests.swift in Sources */,
			);
			runOnlyForDeploymentPostprocessing = 0;
		};
		FE988B5F2B49F34400274CD9 /* Sources */ = {
			isa = PBXSourcesBuildPhase;
			buildActionMask = 2147483647;
			files = (
				FE988B6A2B49F34400274CD9 /* FYPUITestsLaunchTests.swift in Sources */,
				FE988B682B49F34400274CD9 /* FYPUITests.swift in Sources */,
			);
			runOnlyForDeploymentPostprocessing = 0;
		};
		FE988B762B4B188C00274CD9 /* Sources */ = {
			isa = PBXSourcesBuildPhase;
			buildActionMask = 2147483647;
			files = (
				FE988BAF2B4B224300274CD9 /* WatchConnectivityService.swift in Sources */,
				FE988BAA2B4B1FEE00274CD9 /* MotionHandler.swift in Sources */,
				FE988B7F2B4B188C00274CD9 /* ContentView.swift in Sources */,
				FE988B7D2B4B188C00274CD9 /* FYPWatchApp.swift in Sources */,
			);
			runOnlyForDeploymentPostprocessing = 0;
		};
		FE988B852B4B188F00274CD9 /* Sources */ = {
			isa = PBXSourcesBuildPhase;
			buildActionMask = 2147483647;
			files = (
				FE988B8E2B4B188F00274CD9 /* FYPWatch_Watch_AppTests.swift in Sources */,
			);
			runOnlyForDeploymentPostprocessing = 0;
		};
		FE988B8F2B4B188F00274CD9 /* Sources */ = {
			isa = PBXSourcesBuildPhase;
			buildActionMask = 2147483647;
			files = (
				FE988B9A2B4B188F00274CD9 /* FYPWatch_Watch_AppUITestsLaunchTests.swift in Sources */,
				FE988B982B4B188F00274CD9 /* FYPWatch_Watch_AppUITests.swift in Sources */,
			);
			runOnlyForDeploymentPostprocessing = 0;
		};
/* End PBXSourcesBuildPhase section */

/* Begin PBXTargetDependency section */
		FE988B5B2B49F34400274CD9 /* PBXTargetDependency */ = {
			isa = PBXTargetDependency;
			target = FE988B462B49F34200274CD9 /* FYP */;
			targetProxy = FE988B5A2B49F34400274CD9 /* PBXContainerItemProxy */;
		};
		FE988B652B49F34400274CD9 /* PBXTargetDependency */ = {
			isa = PBXTargetDependency;
			target = FE988B462B49F34200274CD9 /* FYP */;
			targetProxy = FE988B642B49F34400274CD9 /* PBXContainerItemProxy */;
		};
		FE988B8B2B4B188F00274CD9 /* PBXTargetDependency */ = {
			isa = PBXTargetDependency;
			target = FE988B792B4B188C00274CD9 /* FYPWatch Watch App */;
			targetProxy = FE988B8A2B4B188F00274CD9 /* PBXContainerItemProxy */;
		};
		FE988B952B4B188F00274CD9 /* PBXTargetDependency */ = {
			isa = PBXTargetDependency;
			target = FE988B792B4B188C00274CD9 /* FYPWatch Watch App */;
			targetProxy = FE988B942B4B188F00274CD9 /* PBXContainerItemProxy */;
		};
		FE988B9C2B4B188F00274CD9 /* PBXTargetDependency */ = {
			isa = PBXTargetDependency;
			target = FE988B792B4B188C00274CD9 /* FYPWatch Watch App */;
			targetProxy = FE988B9B2B4B188F00274CD9 /* PBXContainerItemProxy */;
		};
/* End PBXTargetDependency section */

/* Begin XCBuildConfiguration section */
		FE988B6B2B49F34400274CD9 /* Debug */ = {
			isa = XCBuildConfiguration;
			buildSettings = {
				ALWAYS_SEARCH_USER_PATHS = NO;
				ASSETCATALOG_COMPILER_GENERATE_SWIFT_ASSET_SYMBOL_EXTENSIONS = YES;
				CLANG_ANALYZER_NONNULL = YES;
				CLANG_ANALYZER_NUMBER_OBJECT_CONVERSION = YES_AGGRESSIVE;
				CLANG_CXX_LANGUAGE_STANDARD = "gnu++20";
				CLANG_ENABLE_MODULES = YES;
				CLANG_ENABLE_OBJC_ARC = YES;
				CLANG_ENABLE_OBJC_WEAK = YES;
				CLANG_WARN_BLOCK_CAPTURE_AUTORELEASING = YES;
				CLANG_WARN_BOOL_CONVERSION = YES;
				CLANG_WARN_COMMA = YES;
				CLANG_WARN_CONSTANT_CONVERSION = YES;
				CLANG_WARN_DEPRECATED_OBJC_IMPLEMENTATIONS = YES;
				CLANG_WARN_DIRECT_OBJC_ISA_USAGE = YES_ERROR;
				CLANG_WARN_DOCUMENTATION_COMMENTS = YES;
				CLANG_WARN_EMPTY_BODY = YES;
				CLANG_WARN_ENUM_CONVERSION = YES;
				CLANG_WARN_INFINITE_RECURSION = YES;
				CLANG_WARN_INT_CONVERSION = YES;
				CLANG_WARN_NON_LITERAL_NULL_CONVERSION = YES;
				CLANG_WARN_OBJC_IMPLICIT_RETAIN_SELF = YES;
				CLANG_WARN_OBJC_LITERAL_CONVERSION = YES;
				CLANG_WARN_OBJC_ROOT_CLASS = YES_ERROR;
				CLANG_WARN_QUOTED_INCLUDE_IN_FRAMEWORK_HEADER = YES;
				CLANG_WARN_RANGE_LOOP_ANALYSIS = YES;
				CLANG_WARN_STRICT_PROTOTYPES = YES;
				CLANG_WARN_SUSPICIOUS_MOVE = YES;
				CLANG_WARN_UNGUARDED_AVAILABILITY = YES_AGGRESSIVE;
				CLANG_WARN_UNREACHABLE_CODE = YES;
				CLANG_WARN__DUPLICATE_METHOD_MATCH = YES;
				COPY_PHASE_STRIP = NO;
				DEBUG_INFORMATION_FORMAT = dwarf;
				ENABLE_STRICT_OBJC_MSGSEND = YES;
				ENABLE_TESTABILITY = YES;
				ENABLE_USER_SCRIPT_SANDBOXING = YES;
				GCC_C_LANGUAGE_STANDARD = gnu17;
				GCC_DYNAMIC_NO_PIC = NO;
				GCC_NO_COMMON_BLOCKS = YES;
				GCC_OPTIMIZATION_LEVEL = 0;
				GCC_PREPROCESSOR_DEFINITIONS = (
					"DEBUG=1",
					"$(inherited)",
				);
				GCC_WARN_64_TO_32_BIT_CONVERSION = YES;
				GCC_WARN_ABOUT_RETURN_TYPE = YES_ERROR;
				GCC_WARN_UNDECLARED_SELECTOR = YES;
				GCC_WARN_UNINITIALIZED_AUTOS = YES_AGGRESSIVE;
				GCC_WARN_UNUSED_FUNCTION = YES;
				GCC_WARN_UNUSED_VARIABLE = YES;
				IPHONEOS_DEPLOYMENT_TARGET = 17.0;
				LOCALIZATION_PREFERS_STRING_CATALOGS = YES;
				MTL_ENABLE_DEBUG_INFO = INCLUDE_SOURCE;
				MTL_FAST_MATH = YES;
				ONLY_ACTIVE_ARCH = YES;
				SDKROOT = iphoneos;
				SWIFT_ACTIVE_COMPILATION_CONDITIONS = "DEBUG $(inherited)";
				SWIFT_OPTIMIZATION_LEVEL = "-Onone";
				WATCHOS_DEPLOYMENT_TARGET = 10.0;
			};
			name = Debug;
		};
		FE988B6C2B49F34400274CD9 /* Release */ = {
			isa = XCBuildConfiguration;
			buildSettings = {
				ALWAYS_SEARCH_USER_PATHS = NO;
				ASSETCATALOG_COMPILER_GENERATE_SWIFT_ASSET_SYMBOL_EXTENSIONS = YES;
				CLANG_ANALYZER_NONNULL = YES;
				CLANG_ANALYZER_NUMBER_OBJECT_CONVERSION = YES_AGGRESSIVE;
				CLANG_CXX_LANGUAGE_STANDARD = "gnu++20";
				CLANG_ENABLE_MODULES = YES;
				CLANG_ENABLE_OBJC_ARC = YES;
				CLANG_ENABLE_OBJC_WEAK = YES;
				CLANG_WARN_BLOCK_CAPTURE_AUTORELEASING = YES;
				CLANG_WARN_BOOL_CONVERSION = YES;
				CLANG_WARN_COMMA = YES;
				CLANG_WARN_CONSTANT_CONVERSION = YES;
				CLANG_WARN_DEPRECATED_OBJC_IMPLEMENTATIONS = YES;
				CLANG_WARN_DIRECT_OBJC_ISA_USAGE = YES_ERROR;
				CLANG_WARN_DOCUMENTATION_COMMENTS = YES;
				CLANG_WARN_EMPTY_BODY = YES;
				CLANG_WARN_ENUM_CONVERSION = YES;
				CLANG_WARN_INFINITE_RECURSION = YES;
				CLANG_WARN_INT_CONVERSION = YES;
				CLANG_WARN_NON_LITERAL_NULL_CONVERSION = YES;
				CLANG_WARN_OBJC_IMPLICIT_RETAIN_SELF = YES;
				CLANG_WARN_OBJC_LITERAL_CONVERSION = YES;
				CLANG_WARN_OBJC_ROOT_CLASS = YES_ERROR;
				CLANG_WARN_QUOTED_INCLUDE_IN_FRAMEWORK_HEADER = YES;
				CLANG_WARN_RANGE_LOOP_ANALYSIS = YES;
				CLANG_WARN_STRICT_PROTOTYPES = YES;
				CLANG_WARN_SUSPICIOUS_MOVE = YES;
				CLANG_WARN_UNGUARDED_AVAILABILITY = YES_AGGRESSIVE;
				CLANG_WARN_UNREACHABLE_CODE = YES;
				CLANG_WARN__DUPLICATE_METHOD_MATCH = YES;
				COPY_PHASE_STRIP = NO;
				DEBUG_INFORMATION_FORMAT = "dwarf-with-dsym";
				ENABLE_NS_ASSERTIONS = NO;
				ENABLE_STRICT_OBJC_MSGSEND = YES;
				ENABLE_USER_SCRIPT_SANDBOXING = YES;
				GCC_C_LANGUAGE_STANDARD = gnu17;
				GCC_NO_COMMON_BLOCKS = YES;
				GCC_WARN_64_TO_32_BIT_CONVERSION = YES;
				GCC_WARN_ABOUT_RETURN_TYPE = YES_ERROR;
				GCC_WARN_UNDECLARED_SELECTOR = YES;
				GCC_WARN_UNINITIALIZED_AUTOS = YES_AGGRESSIVE;
				GCC_WARN_UNUSED_FUNCTION = YES;
				GCC_WARN_UNUSED_VARIABLE = YES;
				IPHONEOS_DEPLOYMENT_TARGET = 17.0;
				LOCALIZATION_PREFERS_STRING_CATALOGS = YES;
				MTL_ENABLE_DEBUG_INFO = NO;
				MTL_FAST_MATH = YES;
				SDKROOT = iphoneos;
				SWIFT_COMPILATION_MODE = wholemodule;
				VALIDATE_PRODUCT = YES;
				WATCHOS_DEPLOYMENT_TARGET = 10.0;
			};
			name = Release;
		};
		FE988B6E2B49F34400274CD9 /* Debug */ = {
			isa = XCBuildConfiguration;
			buildSettings = {
				ALWAYS_EMBED_SWIFT_STANDARD_LIBRARIES = YES;
				ASSETCATALOG_COMPILER_APPICON_NAME = AppIcon;
				ASSETCATALOG_COMPILER_GLOBAL_ACCENT_COLOR_NAME = AccentColor;
				CODE_SIGN_STYLE = Automatic;
				CURRENT_PROJECT_VERSION = 1;
				DEVELOPMENT_ASSET_PATHS = "\"FYP/Preview Content\"";
				DEVELOPMENT_TEAM = UEE442R8A2;
				ENABLE_PREVIEWS = YES;
				GENERATE_INFOPLIST_FILE = YES;
				INFOPLIST_FILE = FYP/Info.plist;
				INFOPLIST_KEY_UIApplicationSceneManifest_Generation = YES;
				INFOPLIST_KEY_UIApplicationSupportsIndirectInputEvents = YES;
				INFOPLIST_KEY_UILaunchScreen_Generation = YES;
				INFOPLIST_KEY_UISupportedInterfaceOrientations_iPad = "UIInterfaceOrientationPortrait UIInterfaceOrientationPortraitUpsideDown UIInterfaceOrientationLandscapeLeft UIInterfaceOrientationLandscapeRight";
				INFOPLIST_KEY_UISupportedInterfaceOrientations_iPhone = "UIInterfaceOrientationPortrait UIInterfaceOrientationLandscapeLeft UIInterfaceOrientationLandscapeRight";
				LD_RUNPATH_SEARCH_PATHS = (
					"$(inherited)",
					"@executable_path/Frameworks",
				);
				MARKETING_VERSION = 1.0;
				PRODUCT_BUNDLE_IDENTIFIER = com.LeeChilvers.FYP;
				PRODUCT_NAME = "$(TARGET_NAME)";
				SWIFT_EMIT_LOC_STRINGS = YES;
				SWIFT_VERSION = 5.0;
				TARGETED_DEVICE_FAMILY = "1,2";
			};
			name = Debug;
		};
		FE988B6F2B49F34400274CD9 /* Release */ = {
			isa = XCBuildConfiguration;
			buildSettings = {
				ALWAYS_EMBED_SWIFT_STANDARD_LIBRARIES = YES;
				ASSETCATALOG_COMPILER_APPICON_NAME = AppIcon;
				ASSETCATALOG_COMPILER_GLOBAL_ACCENT_COLOR_NAME = AccentColor;
				CODE_SIGN_STYLE = Automatic;
				CURRENT_PROJECT_VERSION = 1;
				DEVELOPMENT_ASSET_PATHS = "\"FYP/Preview Content\"";
				DEVELOPMENT_TEAM = UEE442R8A2;
				ENABLE_PREVIEWS = YES;
				GENERATE_INFOPLIST_FILE = YES;
				INFOPLIST_FILE = FYP/Info.plist;
				INFOPLIST_KEY_UIApplicationSceneManifest_Generation = YES;
				INFOPLIST_KEY_UIApplicationSupportsIndirectInputEvents = YES;
				INFOPLIST_KEY_UILaunchScreen_Generation = YES;
				INFOPLIST_KEY_UISupportedInterfaceOrientations_iPad = "UIInterfaceOrientationPortrait UIInterfaceOrientationPortraitUpsideDown UIInterfaceOrientationLandscapeLeft UIInterfaceOrientationLandscapeRight";
				INFOPLIST_KEY_UISupportedInterfaceOrientations_iPhone = "UIInterfaceOrientationPortrait UIInterfaceOrientationLandscapeLeft UIInterfaceOrientationLandscapeRight";
				LD_RUNPATH_SEARCH_PATHS = (
					"$(inherited)",
					"@executable_path/Frameworks",
				);
				MARKETING_VERSION = 1.0;
				PRODUCT_BUNDLE_IDENTIFIER = com.LeeChilvers.FYP;
				PRODUCT_NAME = "$(TARGET_NAME)";
				SWIFT_EMIT_LOC_STRINGS = YES;
				SWIFT_VERSION = 5.0;
				TARGETED_DEVICE_FAMILY = "1,2";
			};
			name = Release;
		};
		FE988B712B49F34400274CD9 /* Debug */ = {
			isa = XCBuildConfiguration;
			buildSettings = {
				ALWAYS_EMBED_SWIFT_STANDARD_LIBRARIES = YES;
				BUNDLE_LOADER = "$(TEST_HOST)";
				CODE_SIGN_STYLE = Automatic;
				CURRENT_PROJECT_VERSION = 1;
				DEVELOPMENT_TEAM = UEE442R8A2;
				GENERATE_INFOPLIST_FILE = YES;
				IPHONEOS_DEPLOYMENT_TARGET = 17.2;
				MARKETING_VERSION = 1.0;
				PRODUCT_BUNDLE_IDENTIFIER = com.LeeChilvers.FYPTests;
				PRODUCT_NAME = "$(TARGET_NAME)";
				SWIFT_EMIT_LOC_STRINGS = NO;
				SWIFT_VERSION = 5.0;
				TARGETED_DEVICE_FAMILY = "1,2";
				TEST_HOST = "$(BUILT_PRODUCTS_DIR)/FYP.app/$(BUNDLE_EXECUTABLE_FOLDER_PATH)/FYP";
			};
			name = Debug;
		};
		FE988B722B49F34400274CD9 /* Release */ = {
			isa = XCBuildConfiguration;
			buildSettings = {
				ALWAYS_EMBED_SWIFT_STANDARD_LIBRARIES = YES;
				BUNDLE_LOADER = "$(TEST_HOST)";
				CODE_SIGN_STYLE = Automatic;
				CURRENT_PROJECT_VERSION = 1;
				DEVELOPMENT_TEAM = UEE442R8A2;
				GENERATE_INFOPLIST_FILE = YES;
				IPHONEOS_DEPLOYMENT_TARGET = 17.2;
				MARKETING_VERSION = 1.0;
				PRODUCT_BUNDLE_IDENTIFIER = com.LeeChilvers.FYPTests;
				PRODUCT_NAME = "$(TARGET_NAME)";
				SWIFT_EMIT_LOC_STRINGS = NO;
				SWIFT_VERSION = 5.0;
				TARGETED_DEVICE_FAMILY = "1,2";
				TEST_HOST = "$(BUILT_PRODUCTS_DIR)/FYP.app/$(BUNDLE_EXECUTABLE_FOLDER_PATH)/FYP";
			};
			name = Release;
		};
		FE988B742B49F34400274CD9 /* Debug */ = {
			isa = XCBuildConfiguration;
			buildSettings = {
				ALWAYS_EMBED_SWIFT_STANDARD_LIBRARIES = YES;
				CODE_SIGN_STYLE = Automatic;
				CURRENT_PROJECT_VERSION = 1;
				DEVELOPMENT_TEAM = UEE442R8A2;
				GENERATE_INFOPLIST_FILE = YES;
				MARKETING_VERSION = 1.0;
				PRODUCT_BUNDLE_IDENTIFIER = com.LeeChilvers.FYPUITests;
				PRODUCT_NAME = "$(TARGET_NAME)";
				SWIFT_EMIT_LOC_STRINGS = NO;
				SWIFT_VERSION = 5.0;
				TARGETED_DEVICE_FAMILY = "1,2";
				TEST_TARGET_NAME = FYP;
			};
			name = Debug;
		};
		FE988B752B49F34400274CD9 /* Release */ = {
			isa = XCBuildConfiguration;
			buildSettings = {
				ALWAYS_EMBED_SWIFT_STANDARD_LIBRARIES = YES;
				CODE_SIGN_STYLE = Automatic;
				CURRENT_PROJECT_VERSION = 1;
				DEVELOPMENT_TEAM = UEE442R8A2;
				GENERATE_INFOPLIST_FILE = YES;
				MARKETING_VERSION = 1.0;
				PRODUCT_BUNDLE_IDENTIFIER = com.LeeChilvers.FYPUITests;
				PRODUCT_NAME = "$(TARGET_NAME)";
				SWIFT_EMIT_LOC_STRINGS = NO;
				SWIFT_VERSION = 5.0;
				TARGETED_DEVICE_FAMILY = "1,2";
				TEST_TARGET_NAME = FYP;
			};
			name = Release;
		};
		FE988B9F2B4B188F00274CD9 /* Debug */ = {
			isa = XCBuildConfiguration;
			buildSettings = {
				ASSETCATALOG_COMPILER_APPICON_NAME = AppIcon;
				ASSETCATALOG_COMPILER_GLOBAL_ACCENT_COLOR_NAME = AccentColor;
				CODE_SIGN_STYLE = Automatic;
				CURRENT_PROJECT_VERSION = 1;
				DEVELOPMENT_ASSET_PATHS = "\"FYPWatch Watch App/Preview Content\"";
				DEVELOPMENT_TEAM = UEE442R8A2;
				ENABLE_PREVIEWS = YES;
				GENERATE_INFOPLIST_FILE = YES;
				INFOPLIST_KEY_CFBundleDisplayName = FYPWatch;
				INFOPLIST_KEY_UISupportedInterfaceOrientations = "UIInterfaceOrientationPortrait UIInterfaceOrientationPortraitUpsideDown";
				INFOPLIST_KEY_WKCompanionAppBundleIdentifier = com.LeeChilvers.FYP;
				LD_RUNPATH_SEARCH_PATHS = (
					"$(inherited)",
					"@executable_path/Frameworks",
				);
				MARKETING_VERSION = 1.0;
				PRODUCT_BUNDLE_IDENTIFIER = com.LeeChilvers.FYP.watchkitapp;
				PRODUCT_NAME = "$(TARGET_NAME)";
				SDKROOT = watchos;
				SKIP_INSTALL = YES;
				SWIFT_EMIT_LOC_STRINGS = YES;
				SWIFT_VERSION = 5.0;
				TARGETED_DEVICE_FAMILY = 4;
				WATCHOS_DEPLOYMENT_TARGET = 10.2;
			};
			name = Debug;
		};
		FE988BA02B4B188F00274CD9 /* Release */ = {
			isa = XCBuildConfiguration;
			buildSettings = {
				ASSETCATALOG_COMPILER_APPICON_NAME = AppIcon;
				ASSETCATALOG_COMPILER_GLOBAL_ACCENT_COLOR_NAME = AccentColor;
				CODE_SIGN_STYLE = Automatic;
				CURRENT_PROJECT_VERSION = 1;
				DEVELOPMENT_ASSET_PATHS = "\"FYPWatch Watch App/Preview Content\"";
				DEVELOPMENT_TEAM = UEE442R8A2;
				ENABLE_PREVIEWS = YES;
				GENERATE_INFOPLIST_FILE = YES;
				INFOPLIST_KEY_CFBundleDisplayName = FYPWatch;
				INFOPLIST_KEY_UISupportedInterfaceOrientations = "UIInterfaceOrientationPortrait UIInterfaceOrientationPortraitUpsideDown";
				INFOPLIST_KEY_WKCompanionAppBundleIdentifier = com.LeeChilvers.FYP;
				LD_RUNPATH_SEARCH_PATHS = (
					"$(inherited)",
					"@executable_path/Frameworks",
				);
				MARKETING_VERSION = 1.0;
				PRODUCT_BUNDLE_IDENTIFIER = com.LeeChilvers.FYP.watchkitapp;
				PRODUCT_NAME = "$(TARGET_NAME)";
				SDKROOT = watchos;
				SKIP_INSTALL = YES;
				SWIFT_EMIT_LOC_STRINGS = YES;
				SWIFT_VERSION = 5.0;
				TARGETED_DEVICE_FAMILY = 4;
				WATCHOS_DEPLOYMENT_TARGET = 10.2;
			};
			name = Release;
		};
		FE988BA12B4B188F00274CD9 /* Debug */ = {
			isa = XCBuildConfiguration;
			buildSettings = {
				ALWAYS_EMBED_SWIFT_STANDARD_LIBRARIES = YES;
				BUNDLE_LOADER = "$(TEST_HOST)";
				CODE_SIGN_STYLE = Automatic;
				CURRENT_PROJECT_VERSION = 1;
				DEVELOPMENT_TEAM = UEE442R8A2;
				GENERATE_INFOPLIST_FILE = YES;
				MARKETING_VERSION = 1.0;
				PRODUCT_BUNDLE_IDENTIFIER = "com.LeeChilvers.FYPWatch-Watch-AppTests";
				PRODUCT_NAME = "$(TARGET_NAME)";
				SDKROOT = watchos;
				SWIFT_EMIT_LOC_STRINGS = NO;
				SWIFT_VERSION = 5.0;
				TARGETED_DEVICE_FAMILY = 4;
				TEST_HOST = "$(BUILT_PRODUCTS_DIR)/FYPWatch Watch App.app/$(BUNDLE_EXECUTABLE_FOLDER_PATH)/FYPWatch Watch App";
				WATCHOS_DEPLOYMENT_TARGET = 10.2;
			};
			name = Debug;
		};
		FE988BA22B4B188F00274CD9 /* Release */ = {
			isa = XCBuildConfiguration;
			buildSettings = {
				ALWAYS_EMBED_SWIFT_STANDARD_LIBRARIES = YES;
				BUNDLE_LOADER = "$(TEST_HOST)";
				CODE_SIGN_STYLE = Automatic;
				CURRENT_PROJECT_VERSION = 1;
				DEVELOPMENT_TEAM = UEE442R8A2;
				GENERATE_INFOPLIST_FILE = YES;
				MARKETING_VERSION = 1.0;
				PRODUCT_BUNDLE_IDENTIFIER = "com.LeeChilvers.FYPWatch-Watch-AppTests";
				PRODUCT_NAME = "$(TARGET_NAME)";
				SDKROOT = watchos;
				SWIFT_EMIT_LOC_STRINGS = NO;
				SWIFT_VERSION = 5.0;
				TARGETED_DEVICE_FAMILY = 4;
				TEST_HOST = "$(BUILT_PRODUCTS_DIR)/FYPWatch Watch App.app/$(BUNDLE_EXECUTABLE_FOLDER_PATH)/FYPWatch Watch App";
				WATCHOS_DEPLOYMENT_TARGET = 10.2;
			};
			name = Release;
		};
		FE988BA32B4B188F00274CD9 /* Debug */ = {
			isa = XCBuildConfiguration;
			buildSettings = {
				ALWAYS_EMBED_SWIFT_STANDARD_LIBRARIES = YES;
				CODE_SIGN_STYLE = Automatic;
				CURRENT_PROJECT_VERSION = 1;
				DEVELOPMENT_TEAM = UEE442R8A2;
				GENERATE_INFOPLIST_FILE = YES;
				MARKETING_VERSION = 1.0;
				PRODUCT_BUNDLE_IDENTIFIER = "com.LeeChilvers.FYPWatch-Watch-AppUITests";
				PRODUCT_NAME = "$(TARGET_NAME)";
				SDKROOT = watchos;
				SWIFT_EMIT_LOC_STRINGS = NO;
				SWIFT_VERSION = 5.0;
				TARGETED_DEVICE_FAMILY = 4;
				TEST_TARGET_NAME = "FYPWatch Watch App";
				WATCHOS_DEPLOYMENT_TARGET = 10.2;
			};
			name = Debug;
		};
		FE988BA42B4B188F00274CD9 /* Release */ = {
			isa = XCBuildConfiguration;
			buildSettings = {
				ALWAYS_EMBED_SWIFT_STANDARD_LIBRARIES = YES;
				CODE_SIGN_STYLE = Automatic;
				CURRENT_PROJECT_VERSION = 1;
				DEVELOPMENT_TEAM = UEE442R8A2;
				GENERATE_INFOPLIST_FILE = YES;
				MARKETING_VERSION = 1.0;
				PRODUCT_BUNDLE_IDENTIFIER = "com.LeeChilvers.FYPWatch-Watch-AppUITests";
				PRODUCT_NAME = "$(TARGET_NAME)";
				SDKROOT = watchos;
				SWIFT_EMIT_LOC_STRINGS = NO;
				SWIFT_VERSION = 5.0;
				TARGETED_DEVICE_FAMILY = 4;
				TEST_TARGET_NAME = "FYPWatch Watch App";
				WATCHOS_DEPLOYMENT_TARGET = 10.2;
			};
			name = Release;
		};
/* End XCBuildConfiguration section */

/* Begin XCConfigurationList section */
		FE988B422B49F34200274CD9 /* Build configuration list for PBXProject "FYP" */ = {
			isa = XCConfigurationList;
			buildConfigurations = (
				FE988B6B2B49F34400274CD9 /* Debug */,
				FE988B6C2B49F34400274CD9 /* Release */,
			);
			defaultConfigurationIsVisible = 0;
			defaultConfigurationName = Release;
		};
		FE988B6D2B49F34400274CD9 /* Build configuration list for PBXNativeTarget "FYP" */ = {
			isa = XCConfigurationList;
			buildConfigurations = (
				FE988B6E2B49F34400274CD9 /* Debug */,
				FE988B6F2B49F34400274CD9 /* Release */,
			);
			defaultConfigurationIsVisible = 0;
			defaultConfigurationName = Release;
		};
		FE988B702B49F34400274CD9 /* Build configuration list for PBXNativeTarget "FYPTests" */ = {
			isa = XCConfigurationList;
			buildConfigurations = (
				FE988B712B49F34400274CD9 /* Debug */,
				FE988B722B49F34400274CD9 /* Release */,
			);
			defaultConfigurationIsVisible = 0;
			defaultConfigurationName = Release;
		};
		FE988B732B49F34400274CD9 /* Build configuration list for PBXNativeTarget "FYPUITests" */ = {
			isa = XCConfigurationList;
			buildConfigurations = (
				FE988B742B49F34400274CD9 /* Debug */,
				FE988B752B49F34400274CD9 /* Release */,
			);
			defaultConfigurationIsVisible = 0;
			defaultConfigurationName = Release;
		};
		FE988BA52B4B188F00274CD9 /* Build configuration list for PBXNativeTarget "FYPWatch Watch App" */ = {
			isa = XCConfigurationList;
			buildConfigurations = (
				FE988B9F2B4B188F00274CD9 /* Debug */,
				FE988BA02B4B188F00274CD9 /* Release */,
			);
			defaultConfigurationIsVisible = 0;
			defaultConfigurationName = Release;
		};
		FE988BA62B4B188F00274CD9 /* Build configuration list for PBXNativeTarget "FYPWatch Watch AppTests" */ = {
			isa = XCConfigurationList;
			buildConfigurations = (
				FE988BA12B4B188F00274CD9 /* Debug */,
				FE988BA22B4B188F00274CD9 /* Release */,
			);
			defaultConfigurationIsVisible = 0;
			defaultConfigurationName = Release;
		};
		FE988BA72B4B188F00274CD9 /* Build configuration list for PBXNativeTarget "FYPWatch Watch AppUITests" */ = {
			isa = XCConfigurationList;
			buildConfigurations = (
				FE988BA32B4B188F00274CD9 /* Debug */,
				FE988BA42B4B188F00274CD9 /* Release */,
			);
			defaultConfigurationIsVisible = 0;
			defaultConfigurationName = Release;
		};
/* End XCConfigurationList section */

/* Begin XCRemoteSwiftPackageReference section */
		FEB42BA72B52F7F400772CC7 /* XCRemoteSwiftPackageReference "AudioKit" */ = {
			isa = XCRemoteSwiftPackageReference;
			repositoryURL = "https://github.com/AudioKit/AudioKit";
			requirement = {
				kind = upToNextMajorVersion;
				minimumVersion = 5.6.2;
			};
		};
/* End XCRemoteSwiftPackageReference section */

/* Begin XCSwiftPackageProductDependency section */
		FEB42BA82B52F7F400772CC7 /* AudioKit */ = {
			isa = XCSwiftPackageProductDependency;
			package = FEB42BA72B52F7F400772CC7 /* XCRemoteSwiftPackageReference "AudioKit" */;
			productName = AudioKit;
		};
/* End XCSwiftPackageProductDependency section */
	};
	rootObject = FE988B3F2B49F34200274CD9 /* Project object */;
}
